
Microsoft Visual Studio Solution File, Format Version 12.00
# Visual Studio 2012
Project("{FAE04EC0-301F-11D3-BF4B-00C04F79EFBC}") = "TicTacToe.Common", "TicTacToe.Common\TicTacToe.Common\TicTacToe.Common.csproj", "{2D3B0F4B-CFA6-425E-875C-03F0CC75318F}"
EndProject
Project("{FAE04EC0-301F-11D3-BF4B-00C04F79EFBC}") = "TicTacToeGUI", "TicTacToeGUI\TicTacToeGUI.csproj", "{86139D30-621F-4489-A67C-2B800222CF06}"
EndProject
Global
	GlobalSection(SolutionConfigurationPlatforms) = preSolution
		Debug|Any CPU = Debug|Any CPU
		Release|Any CPU = Release|Any CPU
	EndGlobalSection
	GlobalSection(ProjectConfigurationPlatforms) = postSolution
		{2D3B0F4B-CFA6-425E-875C-03F0CC75318F}.Debug|Any CPU.ActiveCfg = Debug|Any CPU
		{2D3B0F4B-CFA6-425E-875C-03F0CC75318F}.Debug|Any CPU.Build.0 = Debug|Any CPU
		{2D3B0F4B-CFA6-425E-875C-03F0CC75318F}.Release|Any CPU.ActiveCfg = Release|Any CPU
		{2D3B0F4B-CFA6-425E-875C-03F0CC75318F}.Release|Any CPU.Build.0 = Release|Any CPU
		{86139D30-621F-4489-A67C-2B800222CF06}.Debug|Any CPU.ActiveCfg = Debug|Any CPU
		{86139D30-621F-4489-A67C-2B800222CF06}.Debug|Any CPU.Build.0 = Debug|Any CPU
		{86139D30-621F-4489-A67C-2B800222CF06}.Release|Any CPU.ActiveCfg = Release|Any CPU
		{86139D30-621F-4489-A67C-2B800222CF06}.Release|Any CPU.Build.0 = Release|Any CPU
	EndGlobalSection
	GlobalSection(SolutionProperties) = preSolution
		HideSolutionNode = FALSE
	EndGlobalSection
EndGlobal
